Microsoft Visual Studio Solution File, Format Version 11.00
# Visual Studio 2015
Project("{C5E8BC31-F578-0995-C50F-40CBD1EF12AC}") = "Octogris", "Octogris.vcxproj", "{85B349BE-0514-8781-EF8C-E922FF5EEC35}"
EndProject
Global
	GlobalSection(SolutionConfigurationPlatforms) = preSolution
		Debug|Win32 = Debug|Win32
		Release|Win32 = Release|Win32
	EndGlobalSection
	GlobalSection(ProjectConfigurationPlatforms) = postSolution
		{85B349BE-0514-8781-EF8C-E922FF5EEC35}.Debug|Win32.ActiveCfg = Debug|Win32
		{85B349BE-0514-8781-EF8C-E922FF5EEC35}.Debug|Win32.Build.0 = Debug|Win32
		{85B349BE-0514-8781-EF8C-E922FF5EEC35}.Release|Win32.ActiveCfg = Release|Win32
		{85B349BE-0514-8781-EF8C-E922FF5EEC35}.Release|Win32.Build.0 = Release|Win32
	EndGlobalSection
	GlobalSection(SolutionProperties) = preSolution
		HideSolutionNode = FALSE
	EndGlobalSection
EndGlobal
